# This file was autogenerated by Stack.
# You should not edit this file by hand.
# For more information, please see the documentation at:
#   https://docs.haskellstack.org/en/stable/topics/lock_files

packages:
- completed:
    hackage: dom-lt-0.2.3@sha256:1df9402e21e97de0da74fdf2a9f8c96ab8a710c602eb6d22ac8e9c274db51090,1938
    pantry-tree:
      sha256: 86e1e0db27d57081e424ef2d607e088180a8b8cb73d1d6aebc5257a365d66373
      size: 442
  original:
    hackage: dom-lt-0.2.3
- completed:
    hackage: souffle-haskell-3.5.1@sha256:4d1201092a3d7a14b5a4a8a0028f7f56859d13cfb1558a4e4450a2e9a8fcb7d0,12107
    pantry-tree:
      sha256: 3d00bd98b04d05482d5cdb13a6b556050d2b8006eb4d9c85c8dca8b5452c129d
      size: 5217
  original:
    hackage: souffle-haskell-3.5.1
- completed:
    hackage: type-errors-pretty-0.0.1.2@sha256:9042b64d1ac2f69aa55690576504a2397ebea8a6a55332242c88f54027c7eb57,2781
    pantry-tree:
      sha256: 9a9076d1392b2423c083964c1e630cb99981dfcd1ada3d2b53d81217198ff576
      size: 339
  original:
    hackage: type-errors-pretty-0.0.1.2@sha256:9042b64d1ac2f69aa55690576504a2397ebea8a6a55332242c88f54027c7eb57,2781
- completed:
    name: final-pretty-printer
    pantry-tree:
      sha256: 856596aaad2de0793caca4e3487204d2441c70ce4a87c072a5e069800167f3cb
      size: 1257
    sha256: 6c6a0966fc7a4c14eb4cd9f8fa9918edcef65327804e12ffc21038722780a9c7
    size: 14801
    url: https://github.com/csabahruska/final-pretty-printer/archive/5444974a2e0ee76abb790c85738a38f96696c908.tar.gz
    version: 0.1.0.0
  original:
    url: https://github.com/csabahruska/final-pretty-printer/archive/5444974a2e0ee76abb790c85738a38f96696c908.tar.gz
snapshots:
- completed:
    sha256: 9fa4bece7acfac1fc7930c5d6e24606004b09e80aa0e52e9f68b148201008db9
    size: 649606
    url: https://raw.githubusercontent.com/commercialhaskell/stackage-snapshots/master/lts/20/18.yaml
  original: lts-20.18
